# This file is autogenerated, do not edit; changes may be undone by the next 'dep ensure'.


[[projects]]
  branch = "master"
  name = "github.com/casualcode/soap"
  packages = ["."]
  revision = "44eefde542392077c89292f04065d3e7d8852750"

[[projects]]
  branch = "master"
  name = "github.com/fiorix/wsdl2go"
  packages = ["soap"]
  revision = "57713bd6b8f5601000fca5e518a5013c4afbfae0"

[[projects]]
  name = "github.com/satori/go.uuid"
  packages = ["."]
  revision = "f58768cc1a7a7e77a3bd49e98cdd21419399b6a3"
  version = "v1.2.0"

[solve-meta]
  analyzer-name = "dep"
  analyzer-version = 1
  inputs-digest = "f95b140d432b0fec0aa99b2030894d29258b75da4ce45c6d550ec080f8fdab23"
  solver-name = "gps-cdcl"
  solver-version = 1
